// !$*UTF8*$!
{
	archiveVersion = 1;
	classes = {
	};
	objectVersion = 56;
	objects = {

/* Begin PBXBuildFile section */
		166753B39655996F3866B54B /* Pods_newsapp.framework in Frameworks */ = {isa = PBXBuildFile; fileRef = 31B65AA1C8270FC8F540B93C /* Pods_newsapp.framework */; };
		7BFF46FF2AE298C700F90066 /* AppDelegate.swift in Sources */ = {isa = PBXBuildFile; fileRef = 7BFF46FE2AE298C700F90066 /* AppDelegate.swift */; };
		7BFF47012AE298C700F90066 /* SceneDelegate.swift in Sources */ = {isa = PBXBuildFile; fileRef = 7BFF47002AE298C700F90066 /* SceneDelegate.swift */; };
		7BFF47032AE298C700F90066 /* NewsViewController.swift in Sources */ = {isa = PBXBuildFile; fileRef = 7BFF47022AE298C700F90066 /* NewsViewController.swift */; };
		7BFF47082AE298C800F90066 /* Assets.xcassets in Resources */ = {isa = PBXBuildFile; fileRef = 7BFF47072AE298C800F90066 /* Assets.xcassets */; };
		7BFF470B2AE298C800F90066 /* LaunchScreen.storyboard in Resources */ = {isa = PBXBuildFile; fileRef = 7BFF47092AE298C800F90066 /* LaunchScreen.storyboard */; };
		7BFF47142AE29D0E00F90066 /* NewsViewController.xib in Resources */ = {isa = PBXBuildFile; fileRef = 7BFF47132AE29D0E00F90066 /* NewsViewController.xib */; };
		7BFF471E2AE2A3F800F90066 /* NewsBuilder.swift in Sources */ = {isa = PBXBuildFile; fileRef = 7BFF471D2AE2A3F800F90066 /* NewsBuilder.swift */; };
		7BFF47202AE2A41D00F90066 /* NewsViewModel.swift in Sources */ = {isa = PBXBuildFile; fileRef = 7BFF471F2AE2A41D00F90066 /* NewsViewModel.swift */; };
		7BFF47222AE2A47A00F90066 /* NewsRepository.swift in Sources */ = {isa = PBXBuildFile; fileRef = 7BFF47212AE2A47A00F90066 /* NewsRepository.swift */; };
		7BFF47262AE2AB0E00F90066 /* String+Extension.swift in Sources */ = {isa = PBXBuildFile; fileRef = 7BFF47252AE2AB0E00F90066 /* String+Extension.swift */; };
		7BFF47282AE2AB3B00F90066 /* Constants.swift in Sources */ = {isa = PBXBuildFile; fileRef = 7BFF47272AE2AB3B00F90066 /* Constants.swift */; };
		7BFF472D2AE2B41E00F90066 /* NewsCell.swift in Sources */ = {isa = PBXBuildFile; fileRef = 7BFF472B2AE2B41E00F90066 /* NewsCell.swift */; };
		7BFF472E2AE2B41E00F90066 /* NewsCell.xib in Resources */ = {isa = PBXBuildFile; fileRef = 7BFF472C2AE2B41E00F90066 /* NewsCell.xib */; };
		7BFF47312AE2B5B800F90066 /* TabBarController.swift in Sources */ = {isa = PBXBuildFile; fileRef = 7BFF47302AE2B5B800F90066 /* TabBarController.swift */; };
/* End PBXBuildFile section */

/* Begin PBXFileReference section */
		31B65AA1C8270FC8F540B93C /* Pods_newsapp.framework */ = {isa = PBXFileReference; explicitFileType = wrapper.framework; includeInIndex = 0; path = Pods_newsapp.framework; sourceTree = BUILT_PRODUCTS_DIR; };
		64D6E73C2C2E739ECB24946B /* Pods-newsapp.debug.xcconfig */ = {isa = PBXFileReference; includeInIndex = 1; lastKnownFileType = text.xcconfig; name = "Pods-newsapp.debug.xcconfig"; path = "Target Support Files/Pods-newsapp/Pods-newsapp.debug.xcconfig"; sourceTree = "<group>"; };
		7BFF46FB2AE298C700F90066 /* newsapp.app */ = {isa = PBXFileReference; explicitFileType = wrapper.application; includeInIndex = 0; path = newsapp.app; sourceTree = BUILT_PRODUCTS_DIR; };
		7BFF46FE2AE298C700F90066 /* AppDelegate.swift */ = {isa = PBXFileReference; lastKnownFileType = sourcecode.swift; path = AppDelegate.swift; sourceTree = "<group>"; };
		7BFF47002AE298C700F90066 /* SceneDelegate.swift */ = {isa = PBXFileReference; lastKnownFileType = sourcecode.swift; path = SceneDelegate.swift; sourceTree = "<group>"; };
		7BFF47022AE298C700F90066 /* NewsViewController.swift */ = {isa = PBXFileReference; lastKnownFileType = sourcecode.swift; path = NewsViewController.swift; sourceTree = "<group>"; };
		7BFF47072AE298C800F90066 /* Assets.xcassets */ = {isa = PBXFileReference; lastKnownFileType = folder.assetcatalog; path = Assets.xcassets; sourceTree = "<group>"; };
		7BFF470A2AE298C800F90066 /* Base */ = {isa = PBXFileReference; lastKnownFileType = file.storyboard; name = Base; path = Base.lproj/LaunchScreen.storyboard; sourceTree = "<group>"; };
		7BFF470C2AE298C800F90066 /* Info.plist */ = {isa = PBXFileReference; lastKnownFileType = text.plist.xml; path = Info.plist; sourceTree = "<group>"; };
		7BFF47132AE29D0E00F90066 /* NewsViewController.xib */ = {isa = PBXFileReference; lastKnownFileType = file.xib; path = NewsViewController.xib; sourceTree = "<group>"; };
		7BFF471D2AE2A3F800F90066 /* NewsBuilder.swift */ = {isa = PBXFileReference; lastKnownFileType = sourcecode.swift; path = NewsBuilder.swift; sourceTree = "<group>"; };
		7BFF471F2AE2A41D00F90066 /* NewsViewModel.swift */ = {isa = PBXFileReference; lastKnownFileType = sourcecode.swift; path = NewsViewModel.swift; sourceTree = "<group>"; };
		7BFF47212AE2A47A00F90066 /* NewsRepository.swift */ = {isa = PBXFileReference; lastKnownFileType = sourcecode.swift; path = NewsRepository.swift; sourceTree = "<group>"; };
		7BFF47252AE2AB0E00F90066 /* String+Extension.swift */ = {isa = PBXFileReference; lastKnownFileType = sourcecode.swift; path = "String+Extension.swift"; sourceTree = "<group>"; };
		7BFF47272AE2AB3B00F90066 /* Constants.swift */ = {isa = PBXFileReference; lastKnownFileType = sourcecode.swift; path = Constants.swift; sourceTree = "<group>"; };
		7BFF472B2AE2B41E00F90066 /* NewsCell.swift */ = {isa = PBXFileReference; lastKnownFileType = sourcecode.swift; path = NewsCell.swift; sourceTree = "<group>"; };
		7BFF472C2AE2B41E00F90066 /* NewsCell.xib */ = {isa = PBXFileReference; lastKnownFileType = file.xib; path = NewsCell.xib; sourceTree = "<group>"; };
		7BFF47302AE2B5B800F90066 /* TabBarController.swift */ = {isa = PBXFileReference; lastKnownFileType = sourcecode.swift; path = TabBarController.swift; sourceTree = "<group>"; };
		9C619E04B929E6E6A54F4E43 /* Pods-newsapp.release.xcconfig */ = {isa = PBXFileReference; includeInIndex = 1; lastKnownFileType = text.xcconfig; name = "Pods-newsapp.release.xcconfig"; path = "Target Support Files/Pods-newsapp/Pods-newsapp.release.xcconfig"; sourceTree = "<group>"; };
/* End PBXFileReference section */

/* Begin PBXFrameworksBuildPhase section */
		7BFF46F82AE298C700F90066 /* Frameworks */ = {
			isa = PBXFrameworksBuildPhase;
			buildActionMask = 2147483647;
			files = (
				166753B39655996F3866B54B /* Pods_newsapp.framework in Frameworks */,
			);
			runOnlyForDeploymentPostprocessing = 0;
		};
/* End PBXFrameworksBuildPhase section */

/* Begin PBXGroup section */
		5866335F7B543F21194A4578 /* Frameworks */ = {
			isa = PBXGroup;
			children = (
				31B65AA1C8270FC8F540B93C /* Pods_newsapp.framework */,
			);
			name = Frameworks;
			sourceTree = "<group>";
		};
		7BFF46F22AE298C700F90066 = {
			isa = PBXGroup;
			children = (
				7BFF46FD2AE298C700F90066 /* newsapp */,
				7BFF46FC2AE298C700F90066 /* Products */,
				976BE3EFF208100B75DF257F /* Pods */,
				5866335F7B543F21194A4578 /* Frameworks */,
			);
			sourceTree = "<group>";
		};
		7BFF46FC2AE298C700F90066 /* Products */ = {
			isa = PBXGroup;
			children = (
				7BFF46FB2AE298C700F90066 /* newsapp.app */,
			);
			name = Products;
			sourceTree = "<group>";
		};
		7BFF46FD2AE298C700F90066 /* newsapp */ = {
			isa = PBXGroup;
			children = (
				7BFF47122AE29CAA00F90066 /* App */,
				7BFF47152AE29D4500F90066 /* Modules */,
				7BFF471B2AE29D9700F90066 /* Resources */,
				7BFF47292AE2ABFC00F90066 /* Utils */,
			);
			path = newsapp;
			sourceTree = "<group>";
		};
		7BFF47122AE29CAA00F90066 /* App */ = {
			isa = PBXGroup;
			children = (
				7BFF46FE2AE298C700F90066 /* AppDelegate.swift */,
				7BFF47002AE298C700F90066 /* SceneDelegate.swift */,
				7BFF470C2AE298C800F90066 /* Info.plist */,
			);
			path = App;
			sourceTree = "<group>";
		};
		7BFF47152AE29D4500F90066 /* Modules */ = {
			isa = PBXGroup;
			children = (
				7BFF47162AE29D4C00F90066 /* News */,
				7BFF472F2AE2B59100F90066 /* TabBar */,
				7BFF471C2AE29DAD00F90066 /* LaunchScreen */,
			);
			path = Modules;
			sourceTree = "<group>";
		};
		7BFF47162AE29D4C00F90066 /* News */ = {
			isa = PBXGroup;
			children = (
				7BFF471A2AE29D7000F90066 /* Repository */,
				7BFF47192AE29D5D00F90066 /* Builder */,
				7BFF47182AE29D5700F90066 /* ViewModel */,
				7BFF47172AE29D5200F90066 /* View */,
			);
			path = News;
			sourceTree = "<group>";
		};
		7BFF47172AE29D5200F90066 /* View */ = {
			isa = PBXGroup;
			children = (
				7BFF472A2AE2B40100F90066 /* Cell */,
				7BFF47022AE298C700F90066 /* NewsViewController.swift */,
				7BFF47132AE29D0E00F90066 /* NewsViewController.xib */,
			);
			path = View;
			sourceTree = "<group>";
		};
		7BFF47182AE29D5700F90066 /* ViewModel */ = {
			isa = PBXGroup;
			children = (
				7BFF471F2AE2A41D00F90066 /* NewsViewModel.swift */,
			);
			path = ViewModel;
			sourceTree = "<group>";
		};
		7BFF47192AE29D5D00F90066 /* Builder */ = {
			isa = PBXGroup;
			children = (
				7BFF471D2AE2A3F800F90066 /* NewsBuilder.swift */,
			);
			path = Builder;
			sourceTree = "<group>";
		};
		7BFF471A2AE29D7000F90066 /* Repository */ = {
			isa = PBXGroup;
			children = (
				7BFF47212AE2A47A00F90066 /* NewsRepository.swift */,
			);
			path = Repository;
			sourceTree = "<group>";
		};
		7BFF471B2AE29D9700F90066 /* Resources */ = {
			isa = PBXGroup;
			children = (
				7BFF47072AE298C800F90066 /* Assets.xcassets */,
			);
			path = Resources;
			sourceTree = "<group>";
		};
		7BFF471C2AE29DAD00F90066 /* LaunchScreen */ = {
			isa = PBXGroup;
			children = (
				7BFF47092AE298C800F90066 /* LaunchScreen.storyboard */,
			);
			path = LaunchScreen;
			sourceTree = "<group>";
		};
		7BFF47232AE2AAEF00F90066 /* Constants */ = {
			isa = PBXGroup;
			children = (
				7BFF47272AE2AB3B00F90066 /* Constants.swift */,
			);
			path = Constants;
			sourceTree = "<group>";
		};
		7BFF47242AE2AAF600F90066 /* Extensions */ = {
			isa = PBXGroup;
			children = (
				7BFF47252AE2AB0E00F90066 /* String+Extension.swift */,
			);
			path = Extensions;
			sourceTree = "<group>";
		};
		7BFF47292AE2ABFC00F90066 /* Utils */ = {
			isa = PBXGroup;
			children = (
				7BFF47232AE2AAEF00F90066 /* Constants */,
				7BFF47242AE2AAF600F90066 /* Extensions */,
			);
			path = Utils;
			sourceTree = "<group>";
		};
		7BFF472A2AE2B40100F90066 /* Cell */ = {
			isa = PBXGroup;
			children = (
				7BFF472B2AE2B41E00F90066 /* NewsCell.swift */,
				7BFF472C2AE2B41E00F90066 /* NewsCell.xib */,
			);
			path = Cell;
			sourceTree = "<group>";
		};
		7BFF472F2AE2B59100F90066 /* TabBar */ = {
			isa = PBXGroup;
			children = (
				7BFF47302AE2B5B800F90066 /* TabBarController.swift */,
			);
			path = TabBar;
			sourceTree = "<group>";
		};
		976BE3EFF208100B75DF257F /* Pods */ = {
			isa = PBXGroup;
			children = (
				64D6E73C2C2E739ECB24946B /* Pods-newsapp.debug.xcconfig */,
				9C619E04B929E6E6A54F4E43 /* Pods-newsapp.release.xcconfig */,
			);
			path = Pods;
			sourceTree = "<group>";
		};
/* End PBXGroup section */

/* Begin PBXNativeTarget section */
		7BFF46FA2AE298C700F90066 /* newsapp */ = {
			isa = PBXNativeTarget;
			buildConfigurationList = 7BFF470F2AE298C800F90066 /* Build configuration list for PBXNativeTarget "newsapp" */;
			buildPhases = (
				C16C183B7E30052D9BD9E0A7 /* [CP] Check Pods Manifest.lock */,
				7BFF46F72AE298C700F90066 /* Sources */,
				7BFF46F82AE298C700F90066 /* Frameworks */,
				7BFF46F92AE298C700F90066 /* Resources */,
				686F6BCEB1FD0F88C5DB6955 /* [CP] Embed Pods Frameworks */,
			);
			buildRules = (
			);
			dependencies = (
			);
			name = newsapp;
			productName = newsapp;
			productReference = 7BFF46FB2AE298C700F90066 /* newsapp.app */;
			productType = "com.apple.product-type.application";
		};
/* End PBXNativeTarget section */

/* Begin PBXProject section */
		7BFF46F32AE298C700F90066 /* Project object */ = {
			isa = PBXProject;
			attributes = {
				BuildIndependentTargetsInParallel = 1;
				LastSwiftUpdateCheck = 1500;
				LastUpgradeCheck = 1500;
				TargetAttributes = {
					7BFF46FA2AE298C700F90066 = {
						CreatedOnToolsVersion = 15.0;
					};
				};
			};
			buildConfigurationList = 7BFF46F62AE298C700F90066 /* Build configuration list for PBXProject "newsapp" */;
			compatibilityVersion = "Xcode 14.0";
			developmentRegion = en;
			hasScannedForEncodings = 0;
			knownRegions = (
				en,
				Base,
			);
			mainGroup = 7BFF46F22AE298C700F90066;
			productRefGroup = 7BFF46FC2AE298C700F90066 /* Products */;
			projectDirPath = "";
			projectRoot = "";
			targets = (
				7BFF46FA2AE298C700F90066 /* newsapp */,
			);
		};
/* End PBXProject section */

/* Begin PBXResourcesBuildPhase section */
		7BFF46F92AE298C700F90066 /* Resources */ = {
			isa = PBXResourcesBuildPhase;
			buildActionMask = 2147483647;
			files = (
				7BFF470B2AE298C800F90066 /* LaunchScreen.storyboard in Resources */,
				7BFF47082AE298C800F90066 /* Assets.xcassets in Resources */,
				7BFF472E2AE2B41E00F90066 /* NewsCell.xib in Resources */,
				7BFF47142AE29D0E00F90066 /* NewsViewController.xib in Resources */,
			);
			runOnlyForDeploymentPostprocessing = 0;
		};
/* End PBXResourcesBuildPhase section */

/* Begin PBXShellScriptBuildPhase section */
		686F6BCEB1FD0F88C5DB6955 /* [CP] Embed Pods Frameworks */ = {
			isa = PBXShellScriptBuildPhase;
			buildActionMask = 2147483647;
			files = (
			);
			inputFileListPaths = (
				"${PODS_ROOT}/Target Support Files/Pods-newsapp/Pods-newsapp-frameworks-${CONFIGURATION}-input-files.xcfilelist",
			);
			name = "[CP] Embed Pods Frameworks";
			outputFileListPaths = (
				"${PODS_ROOT}/Target Support Files/Pods-newsapp/Pods-newsapp-frameworks-${CONFIGURATION}-output-files.xcfilelist",
			);
			runOnlyForDeploymentPostprocessing = 0;
			shellPath = /bin/sh;
			shellScript = "\"${PODS_ROOT}/Target Support Files/Pods-newsapp/Pods-newsapp-frameworks.sh\"\n";
			showEnvVarsInLog = 0;
		};
		C16C183B7E30052D9BD9E0A7 /* [CP] Check Pods Manifest.lock */ = {
			isa = PBXShellScriptBuildPhase;
			buildActionMask = 2147483647;
			files = (
			);
			inputFileListPaths = (
			);
			inputPaths = (
				"${PODS_PODFILE_DIR_PATH}/Podfile.lock",
				"${PODS_ROOT}/Manifest.lock",
			);
			name = "[CP] Check Pods Manifest.lock";
			outputFileListPaths = (
			);
			outputPaths = (
				"$(DERIVED_FILE_DIR)/Pods-newsapp-checkManifestLockResult.txt",
			);
			runOnlyForDeploymentPostprocessing = 0;
			shellPath = /bin/sh;
			shellScript = "diff \"${PODS_PODFILE_DIR_PATH}/Podfile.lock\" \"${PODS_ROOT}/Manifest.lock\" > /dev/null\nif [ $? != 0 ] ; then\n    # print error to STDERR\n    echo \"error: The sandbox is not in sync with the Podfile.lock. Run 'pod install' or update your CocoaPods installation.\" >&2\n    exit 1\nfi\n# This output is used by Xcode 'outputs' to avoid re-running this script phase.\necho \"SUCCESS\" > \"${SCRIPT_OUTPUT_FILE_0}\"\n";
			showEnvVarsInLog = 0;
		};
/* End PBXShellScriptBuildPhase section */

/* Begin PBXSourcesBuildPhase section */
		7BFF46F72AE298C700F90066 /* Sources */ = {
			isa = PBXSourcesBuildPhase;
			buildActionMask = 2147483647;
			files = (
				7BFF471E2AE2A3F800F90066 /* NewsBuilder.swift in Sources */,
				7BFF472D2AE2B41E00F90066 /* NewsCell.swift in Sources */,
				7BFF47262AE2AB0E00F90066 /* String+Extension.swift in Sources */,
				7BFF47312AE2B5B800F90066 /* TabBarController.swift in Sources */,
				7BFF47032AE298C700F90066 /* NewsViewController.swift in Sources */,
				7BFF47222AE2A47A00F90066 /* NewsRepository.swift in Sources */,
				7BFF47202AE2A41D00F90066 /* NewsViewModel.swift in Sources */,
				7BFF46FF2AE298C700F90066 /* AppDelegate.swift in Sources */,
				7BFF47012AE298C700F90066 /* SceneDelegate.swift in Sources */,
				7BFF47282AE2AB3B00F90066 /* Constants.swift in Sources */,
			);
			runOnlyForDeploymentPostprocessing = 0;
		};
/* End PBXSourcesBuildPhase section */

/* Begin PBXVariantGroup section */
		7BFF47092AE298C800F90066 /* LaunchScreen.storyboard */ = {
			isa = PBXVariantGroup;
			children = (
				7BFF470A2AE298C800F90066 /* Base */,
			);
			name = LaunchScreen.storyboard;
			sourceTree = "<group>";
		};
/* End PBXVariantGroup section */

/* Begin XCBuildConfiguration section */
		7BFF470D2AE298C800F90066 /* Debug */ = {
			isa = XCBuildConfiguration;
			buildSettings = {
				ALWAYS_SEARCH_USER_PATHS = NO;
				ASSETCATALOG_COMPILER_GENERATE_SWIFT_ASSET_SYMBOL_EXTENSIONS = YES;
				CLANG_ANALYZER_NONNULL = YES;
				CLANG_ANALYZER_NUMBER_OBJECT_CONVERSION = YES_AGGRESSIVE;
				CLANG_CXX_LANGUAGE_STANDARD = "gnu++20";
				CLANG_ENABLE_MODULES = YES;
				CLANG_ENABLE_OBJC_ARC = YES;
				CLANG_ENABLE_OBJC_WEAK = YES;
				CLANG_WARN_BLOCK_CAPTURE_AUTORELEASING = YES;
				CLANG_WARN_BOOL_CONVERSION = YES;
				CLANG_WARN_COMMA = YES;
				CLANG_WARN_CONSTANT_CONVERSION = YES;
				CLANG_WARN_DEPRECATED_OBJC_IMPLEMENTATIONS = YES;
				CLANG_WARN_DIRECT_OBJC_ISA_USAGE = YES_ERROR;
				CLANG_WARN_DOCUMENTATION_COMMENTS = YES;
				CLANG_WARN_EMPTY_BODY = YES;
				CLANG_WARN_ENUM_CONVERSION = YES;
				CLANG_WARN_INFINITE_RECURSION = YES;
				CLANG_WARN_INT_CONVERSION = YES;
				CLANG_WARN_NON_LITERAL_NULL_CONVERSION = YES;
				CLANG_WARN_OBJC_IMPLICIT_RETAIN_SELF = YES;
				CLANG_WARN_OBJC_LITERAL_CONVERSION = YES;
				CLANG_WARN_OBJC_ROOT_CLASS = YES_ERROR;
				CLANG_WARN_QUOTED_INCLUDE_IN_FRAMEWORK_HEADER = YES;
				CLANG_WARN_RANGE_LOOP_ANALYSIS = YES;
				CLANG_WARN_STRICT_PROTOTYPES = YES;
				CLANG_WARN_SUSPICIOUS_MOVE = YES;
				CLANG_WARN_UNGUARDED_AVAILABILITY = YES_AGGRESSIVE;
				CLANG_WARN_UNREACHABLE_CODE = YES;
				CLANG_WARN__DUPLICATE_METHOD_MATCH = YES;
				COPY_PHASE_STRIP = NO;
				DEBUG_INFORMATION_FORMAT = dwarf;
				ENABLE_STRICT_OBJC_MSGSEND = YES;
				ENABLE_TESTABILITY = YES;
				ENABLE_USER_SCRIPT_SANDBOXING = NO;
				GCC_C_LANGUAGE_STANDARD = gnu17;
				GCC_DYNAMIC_NO_PIC = NO;
				GCC_NO_COMMON_BLOCKS = YES;
				GCC_OPTIMIZATION_LEVEL = 0;
				GCC_PREPROCESSOR_DEFINITIONS = (
					"DEBUG=1",
					"$(inherited)",
				);
				GCC_WARN_64_TO_32_BIT_CONVERSION = YES;
				GCC_WARN_ABOUT_RETURN_TYPE = YES_ERROR;
				GCC_WARN_UNDECLARED_SELECTOR = YES;
				GCC_WARN_UNINITIALIZED_AUTOS = YES_AGGRESSIVE;
				GCC_WARN_UNUSED_FUNCTION = YES;
				GCC_WARN_UNUSED_VARIABLE = YES;
				IPHONEOS_DEPLOYMENT_TARGET = 17.0;
				LOCALIZATION_PREFERS_STRING_CATALOGS = YES;
				MTL_ENABLE_DEBUG_INFO = INCLUDE_SOURCE;
				MTL_FAST_MATH = YES;
				ONLY_ACTIVE_ARCH = YES;
				SDKROOT = iphoneos;
				SWIFT_ACTIVE_COMPILATION_CONDITIONS = "DEBUG $(inherited)";
				SWIFT_OPTIMIZATION_LEVEL = "-Onone";
			};
			name = Debug;
		};
		7BFF470E2AE298C800F90066 /* Release */ = {
			isa = XCBuildConfiguration;
			buildSettings = {
				ALWAYS_SEARCH_USER_PATHS = NO;
				ASSETCATALOG_COMPILER_GENERATE_SWIFT_ASSET_SYMBOL_EXTENSIONS = YES;
				CLANG_ANALYZER_NONNULL = YES;
				CLANG_ANALYZER_NUMBER_OBJECT_CONVERSION = YES_AGGRESSIVE;
				CLANG_CXX_LANGUAGE_STANDARD = "gnu++20";
				CLANG_ENABLE_MODULES = YES;
				CLANG_ENABLE_OBJC_ARC = YES;
				CLANG_ENABLE_OBJC_WEAK = YES;
				CLANG_WARN_BLOCK_CAPTURE_AUTORELEASING = YES;
				CLANG_WARN_BOOL_CONVERSION = YES;
				CLANG_WARN_COMMA = YES;
				CLANG_WARN_CONSTANT_CONVERSION = YES;
				CLANG_WARN_DEPRECATED_OBJC_IMPLEMENTATIONS = YES;
				CLANG_WARN_DIRECT_OBJC_ISA_USAGE = YES_ERROR;
				CLANG_WARN_DOCUMENTATION_COMMENTS = YES;
				CLANG_WARN_EMPTY_BODY = YES;
				CLANG_WARN_ENUM_CONVERSION = YES;
				CLANG_WARN_INFINITE_RECURSION = YES;
				CLANG_WARN_INT_CONVERSION = YES;
				CLANG_WARN_NON_LITERAL_NULL_CONVERSION = YES;
				CLANG_WARN_OBJC_IMPLICIT_RETAIN_SELF = YES;
				CLANG_WARN_OBJC_LITERAL_CONVERSION = YES;
				CLANG_WARN_OBJC_ROOT_CLASS = YES_ERROR;
				CLANG_WARN_QUOTED_INCLUDE_IN_FRAMEWORK_HEADER = YES;
				CLANG_WARN_RANGE_LOOP_ANALYSIS = YES;
				CLANG_WARN_STRICT_PROTOTYPES = YES;
				CLANG_WARN_SUSPICIOUS_MOVE = YES;
				CLANG_WARN_UNGUARDED_AVAILABILITY = YES_AGGRESSIVE;
				CLANG_WARN_UNREACHABLE_CODE = YES;
				CLANG_WARN__DUPLICATE_METHOD_MATCH = YES;
				COPY_PHASE_STRIP = NO;
				DEBUG_INFORMATION_FORMAT = "dwarf-with-dsym";
				ENABLE_NS_ASSERTIONS = NO;
				ENABLE_STRICT_OBJC_MSGSEND = YES;
				ENABLE_USER_SCRIPT_SANDBOXING = NO;
				GCC_C_LANGUAGE_STANDARD = gnu17;
				GCC_NO_COMMON_BLOCKS = YES;
				GCC_WARN_64_TO_32_BIT_CONVERSION = YES;
				GCC_WARN_ABOUT_RETURN_TYPE = YES_ERROR;
				GCC_WARN_UNDECLARED_SELECTOR = YES;
				GCC_WARN_UNINITIALIZED_AUTOS = YES_AGGRESSIVE;
				GCC_WARN_UNUSED_FUNCTION = YES;
				GCC_WARN_UNUSED_VARIABLE = YES;
				IPHONEOS_DEPLOYMENT_TARGET = 17.0;
				LOCALIZATION_PREFERS_STRING_CATALOGS = YES;
				MTL_ENABLE_DEBUG_INFO = NO;
				MTL_FAST_MATH = YES;
				SDKROOT = iphoneos;
				SWIFT_COMPILATION_MODE = wholemodule;
				VALIDATE_PRODUCT = YES;
			};
			name = Release;
		};
		7BFF47102AE298C800F90066 /* Debug */ = {
			isa = XCBuildConfiguration;
			baseConfigurationReference = 64D6E73C2C2E739ECB24946B /* Pods-newsapp.debug.xcconfig */;
			buildSettings = {
				ASSETCATALOG_COMPILER_APPICON_NAME = AppIcon;
				ASSETCATALOG_COMPILER_GLOBAL_ACCENT_COLOR_NAME = AccentColor;
				CODE_SIGN_STYLE = Automatic;
				CURRENT_PROJECT_VERSION = 1;
				GENERATE_INFOPLIST_FILE = YES;
				INFOPLIST_FILE = newsapp/App/Info.plist;
				INFOPLIST_KEY_UIApplicationSupportsIndirectInputEvents = YES;
				INFOPLIST_KEY_UILaunchStoryboardName = LaunchScreen;
				INFOPLIST_KEY_UIMainStoryboardFile = "";
				INFOPLIST_KEY_UISupportedInterfaceOrientations = UIInterfaceOrientationPortrait;
				INFOPLIST_KEY_UISupportedInterfaceOrientations_iPad = "UIInterfaceOrientationLandscapeLeft UIInterfaceOrientationLandscapeRight UIInterfaceOrientationPortrait UIInterfaceOrientationPortraitUpsideDown";
				IPHONEOS_DEPLOYMENT_TARGET = 13.0;
				LD_RUNPATH_SEARCH_PATHS = (
					"$(inherited)",
					"@executable_path/Frameworks",
				);
				MARKETING_VERSION = 1.0;
				PRODUCT_BUNDLE_IDENTIFIER = com.newsapp;
				PRODUCT_NAME = "$(TARGET_NAME)";
				SUPPORTED_PLATFORMS = "iphoneos iphonesimulator";
				SUPPORTS_MACCATALYST = NO;
				SWIFT_EMIT_LOC_STRINGS = YES;
				SWIFT_VERSION = 5.0;
				TARGETED_DEVICE_FAMILY = 1;
			};
			name = Debug;
		};
		7BFF47112AE298C800F90066 /* Release */ = {
			isa = XCBuildConfiguration;
			baseConfigurationReference = 9C619E04B929E6E6A54F4E43 /* Pods-newsapp.release.xcconfig */;
			buildSettings = {
				ASSETCATALOG_COMPILER_APPICON_NAME = AppIcon;
				ASSETCATALOG_COMPILER_GLOBAL_ACCENT_COLOR_NAME = AccentColor;
				CODE_SIGN_STYLE = Automatic;
				CURRENT_PROJECT_VERSION = 1;
				GENERATE_INFOPLIST_FILE = YES;
				INFOPLIST_FILE = newsapp/App/Info.plist;
				INFOPLIST_KEY_UIApplicationSupportsIndirectInputEvents = YES;
				INFOPLIST_KEY_UILaunchStoryboardName = LaunchScreen;
				INFOPLIST_KEY_UIMainStoryboardFile = "";
				INFOPLIST_KEY_UISupportedInterfaceOrientations = UIInterfaceOrientationPortrait;
				INFOPLIST_KEY_UISupportedInterfaceOrientations_iPad = "UIInterfaceOrientationLandscapeLeft UIInterfaceOrientationLandscapeRight UIInterfaceOrientationPortrait UIInterfaceOrientationPortraitUpsideDown";
				IPHONEOS_DEPLOYMENT_TARGET = 13.0;
				LD_RUNPATH_SEARCH_PATHS = (
					"$(inherited)",
					"@executable_path/Frameworks",
				);
				MARKETING_VERSION = 1.0;
				PRODUCT_BUNDLE_IDENTIFIER = com.newsapp;
				PRODUCT_NAME = "$(TARGET_NAME)";
				SUPPORTED_PLATFORMS = "iphoneos iphonesimulator";
				SUPPORTS_MACCATALYST = NO;
				SWIFT_EMIT_LOC_STRINGS = YES;
				SWIFT_VERSION = 5.0;
				TARGETED_DEVICE_FAMILY = 1;
			};
			name = Release;
		};
/* End XCBuildConfiguration section */

/* Begin XCConfigurationList section */
		7BFF46F62AE298C700F90066 /* Build configuration list for PBXProject "newsapp" */ = {
			isa = XCConfigurationList;
			buildConfigurations = (
				7BFF470D2AE298C800F90066 /* Debug */,
				7BFF470E2AE298C800F90066 /* Release */,
			);
			defaultConfigurationIsVisible = 0;
			defaultConfigurationName = Release;
		};
		7BFF470F2AE298C800F90066 /* Build configuration list for PBXNativeTarget "newsapp" */ = {
			isa = XCConfigurationList;
			buildConfigurations = (
				7BFF47102AE298C800F90066 /* Debug */,
				7BFF47112AE298C800F90066 /* Release */,
			);
			defaultConfigurationIsVisible = 0;
			defaultConfigurationName = Release;
		};
/* End XCConfigurationList section */
	};
	rootObject = 7BFF46F32AE298C700F90066 /* Project object */;
}
